{
  "object": {
    "pins": [
      {
        "package": "swift-html",
        "repositoryURL": "https://github.com/binarybirds/swift-html",
        "state": {
          "branch": null,
          "revision": "b2620a6747fd664c892cfd20ff38d4c445bfa0d3",
          "version": "1.6.8"
        }
      }
    ]
  },
  "version": 1
}
